
Microsoft Visual Studio Solution File, Format Version 12.00
# Visual Studio Version 17
VisualStudioVersion = 17.2.32526.322
MinimumVisualStudioVersion = 10.0.40219.1
Project("{8BC9CEB8-8B4A-11D0-8D11-00A0C91BC942}") = "MFCApplication2", "MFCApplication2\MFCApplication2.vcxproj", "{4E1A902A-D7AB-439A-A2C4-912B09564454}"
EndProject
Global
	GlobalSection(SolutionConfigurationPlatforms) = preSolution
		Debug|x64 = Debug|x64
		Debug|x86 = Debug|x86
		Release|x64 = Release|x64
		Release|x86 = Release|x86
	EndGlobalSection
	GlobalSection(ProjectConfigurationPlatforms) = postSolution
		{4E1A902A-D7AB-439A-A2C4-912B09564454}.Debug|x64.ActiveCfg = Debug|x64
		{4E1A902A-D7AB-439A-A2C4-912B09564454}.Debug|x64.Build.0 = Debug|x64
		{4E1A902A-D7AB-439A-A2C4-912B09564454}.Debug|x86.ActiveCfg = Debug|Win32
		{4E1A902A-D7AB-439A-A2C4-912B09564454}.Debug|x86.Build.0 = Debug|Win32
		{4E1A902A-D7AB-439A-A2C4-912B09564454}.Release|x64.ActiveCfg = Release|x64
		{4E1A902A-D7AB-439A-A2C4-912B09564454}.Release|x64.Build.0 = Release|x64
		{4E1A902A-D7AB-439A-A2C4-912B09564454}.Release|x86.ActiveCfg = Release|Win32
		{4E1A902A-D7AB-439A-A2C4-912B09564454}.Release|x86.Build.0 = Release|Win32
	EndGlobalSection
	GlobalSection(SolutionProperties) = preSolution
		HideSolutionNode = FALSE
	EndGlobalSection
	GlobalSection(ExtensibilityGlobals) = postSolution
		SolutionGuid = {77F95347-4506-40A0-A353-322350820C4E}
	EndGlobalSection
EndGlobal
